
Microsoft Visual Studio Solution File, Format Version 12.00
# Visual Studio Version 17
VisualStudioVersion = 17.6.33829.357
MinimumVisualStudioVersion = 10.0.40219.1
Project("{FAE04EC0-301F-11D3-BF4B-00C04F79EFBC}") = "AttendaceBackEnd", "AttendaceBackEnd\AttendaceBackEnd.csproj", "{AED97794-CA8A-4F37-B3C1-49C623132BC7}"
EndProject
Project("{FAE04EC0-301F-11D3-BF4B-00C04F79EFBC}") = "Data", "Data\Data.csproj", "{5FE8B0C5-E499-45DA-BC5D-7E43D140771A}"
EndProject
Project("{FAE04EC0-301F-11D3-BF4B-00C04F79EFBC}") = "Infrastructure", "Infrastructure\Infrastructure.csproj", "{1FAB466A-3574-4C74-8BE6-46CD8962078D}"
EndProject
Global
	GlobalSection(SolutionConfigurationPlatforms) = preSolution
		Debug|Any CPU = Debug|Any CPU
		Release|Any CPU = Release|Any CPU
	EndGlobalSection
	GlobalSection(ProjectConfigurationPlatforms) = postSolution
		{AED97794-CA8A-4F37-B3C1-49C623132BC7}.Debug|Any CPU.ActiveCfg = Debug|Any CPU
		{AED97794-CA8A-4F37-B3C1-49C623132BC7}.Debug|Any CPU.Build.0 = Debug|Any CPU
		{AED97794-CA8A-4F37-B3C1-49C623132BC7}.Release|Any CPU.ActiveCfg = Release|Any CPU
		{AED97794-CA8A-4F37-B3C1-49C623132BC7}.Release|Any CPU.Build.0 = Release|Any CPU
		{5FE8B0C5-E499-45DA-BC5D-7E43D140771A}.Debug|Any CPU.ActiveCfg = Debug|Any CPU
		{5FE8B0C5-E499-45DA-BC5D-7E43D140771A}.Debug|Any CPU.Build.0 = Debug|Any CPU
		{5FE8B0C5-E499-45DA-BC5D-7E43D140771A}.Release|Any CPU.ActiveCfg = Release|Any CPU
		{5FE8B0C5-E499-45DA-BC5D-7E43D140771A}.Release|Any CPU.Build.0 = Release|Any CPU
		{1FAB466A-3574-4C74-8BE6-46CD8962078D}.Debug|Any CPU.ActiveCfg = Debug|Any CPU
		{1FAB466A-3574-4C74-8BE6-46CD8962078D}.Debug|Any CPU.Build.0 = Debug|Any CPU
		{1FAB466A-3574-4C74-8BE6-46CD8962078D}.Release|Any CPU.ActiveCfg = Release|Any CPU
		{1FAB466A-3574-4C74-8BE6-46CD8962078D}.Release|Any CPU.Build.0 = Release|Any CPU
	EndGlobalSection
	GlobalSection(SolutionProperties) = preSolution
		HideSolutionNode = FALSE
	EndGlobalSection
	GlobalSection(ExtensibilityGlobals) = postSolution
		SolutionGuid = {AAE12A14-02EA-4C9A-BBAB-B75ED100568C}
	EndGlobalSection
EndGlobal
